
Microsoft Visual Studio Solution File, Format Version 12.00
# Visual Studio Version 17
VisualStudioVersion = 17.4.33110.190
MinimumVisualStudioVersion = 10.0.40219.1
Project("{FAE04EC0-301F-11D3-BF4B-00C04F79EFBC}") = "CodigoLinqAula", "CodigoLinqAula\CodigoLinqAula.csproj", "{BAD629B2-72D3-439D-AA71-C429BF6A9D0E}"
EndProject
Global
	GlobalSection(SolutionConfigurationPlatforms) = preSolution
		Debug|Any CPU = Debug|Any CPU
		Release|Any CPU = Release|Any CPU
	EndGlobalSection
	GlobalSection(ProjectConfigurationPlatforms) = postSolution
		{BAD629B2-72D3-439D-AA71-C429BF6A9D0E}.Debug|Any CPU.ActiveCfg = Debug|Any CPU
		{BAD629B2-72D3-439D-AA71-C429BF6A9D0E}.Debug|Any CPU.Build.0 = Debug|Any CPU
		{BAD629B2-72D3-439D-AA71-C429BF6A9D0E}.Release|Any CPU.ActiveCfg = Release|Any CPU
		{BAD629B2-72D3-439D-AA71-C429BF6A9D0E}.Release|Any CPU.Build.0 = Release|Any CPU
	EndGlobalSection
	GlobalSection(SolutionProperties) = preSolution
		HideSolutionNode = FALSE
	EndGlobalSection
	GlobalSection(ExtensibilityGlobals) = postSolution
		SolutionGuid = {DEA65393-34C1-45FD-8F3B-7BA4CE90439D}
	EndGlobalSection
EndGlobal
